// !$*UTF8*$!
{
	archiveVersion = 1;
	classes = {
	};
	objectVersion = 50;
	objects = {

/* Begin PBXBuildFile section */
		320A4389227194AD005131E7 /* AppDelegate.swift in Sources */ = {isa = PBXBuildFile; fileRef = 320A4388227194AD005131E7 /* AppDelegate.swift */; };
		320A438B227194AD005131E7 /* ViewController.swift in Sources */ = {isa = PBXBuildFile; fileRef = 320A438A227194AD005131E7 /* ViewController.swift */; };
		320A438E227194AD005131E7 /* Main.storyboard in Resources */ = {isa = PBXBuildFile; fileRef = 320A438C227194AD005131E7 /* Main.storyboard */; };
		320A4391227194AD005131E7 /* FireStoreTestApp.xcdatamodeld in Sources */ = {isa = PBXBuildFile; fileRef = 320A438F227194AD005131E7 /* FireStoreTestApp.xcdatamodeld */; };
		320A4393227194AF005131E7 /* Assets.xcassets in Resources */ = {isa = PBXBuildFile; fileRef = 320A4392227194AF005131E7 /* Assets.xcassets */; };
		320A4396227194AF005131E7 /* LaunchScreen.storyboard in Resources */ = {isa = PBXBuildFile; fileRef = 320A4394227194AF005131E7 /* LaunchScreen.storyboard */; };
		320A43A1227194AF005131E7 /* FireStoreTestAppTests.swift in Sources */ = {isa = PBXBuildFile; fileRef = 320A43A0227194AF005131E7 /* FireStoreTestAppTests.swift */; };
		320A43AC227194AF005131E7 /* FireStoreTestAppUITests.swift in Sources */ = {isa = PBXBuildFile; fileRef = 320A43AB227194AF005131E7 /* FireStoreTestAppUITests.swift */; };
		320A43BC2271B6F8005131E7 /* CCabRelayRequestViewController.swift in Sources */ = {isa = PBXBuildFile; fileRef = 320A43BB2271B6F8005131E7 /* CCabRelayRequestViewController.swift */; };
		320A43C02271B8EA005131E7 /* CCabCancelRequestViewController.swift in Sources */ = {isa = PBXBuildFile; fileRef = 320A43BD2271B8E9005131E7 /* CCabCancelRequestViewController.swift */; };
		320A43C12271B8EA005131E7 /* Podfile in Resources */ = {isa = PBXBuildFile; fileRef = 320A43BE2271B8E9005131E7 /* Podfile */; };
		320A43C22271B8EA005131E7 /* CCabRetryRequestViewController.swift in Sources */ = {isa = PBXBuildFile; fileRef = 320A43BF2271B8EA005131E7 /* CCabRetryRequestViewController.swift */; };
		320A43C42271BAC8005131E7 /* CCabListLoader.swift in Sources */ = {isa = PBXBuildFile; fileRef = 320A43C32271BAC8005131E7 /* CCabListLoader.swift */; };
		320A43C82271D8F3005131E7 /* OnRideViewController.swift in Sources */ = {isa = PBXBuildFile; fileRef = 320A43C72271D8F3005131E7 /* OnRideViewController.swift */; };
		320A43CA2272E6BF005131E7 /* CityCabAPI.swift in Sources */ = {isa = PBXBuildFile; fileRef = 320A43C92272E6BF005131E7 /* CityCabAPI.swift */; };
		320A43CD2272EB22005131E7 /* NetworkErrorHandler.swift in Sources */ = {isa = PBXBuildFile; fileRef = 320A43CB2272EB21005131E7 /* NetworkErrorHandler.swift */; };
		320A43CE2272EB22005131E7 /* ErrorResponse.swift in Sources */ = {isa = PBXBuildFile; fileRef = 320A43CC2272EB22005131E7 /* ErrorResponse.swift */; };
		320A43D02272EB87005131E7 /* RideResponseCode.swift in Sources */ = {isa = PBXBuildFile; fileRef = 320A43CF2272EB87005131E7 /* RideResponseCode.swift */; };
		320A43D22272EC6B005131E7 /* LocalizationHelper.swift in Sources */ = {isa = PBXBuildFile; fileRef = 320A43D12272EC6B005131E7 /* LocalizationHelper.swift */; };
		320A43D42272FFB0005131E7 /* Utility.swift in Sources */ = {isa = PBXBuildFile; fileRef = 320A43D32272FFB0005131E7 /* Utility.swift */; };
		320A43D6227301CC005131E7 /* CCabUtilities.swift in Sources */ = {isa = PBXBuildFile; fileRef = 320A43D5227301CC005131E7 /* CCabUtilities.swift */; };
		320A43DA2276DC1F005131E7 /* CCabBaseViewController.swift in Sources */ = {isa = PBXBuildFile; fileRef = 320A43D92276DC1F005131E7 /* CCabBaseViewController.swift */; };
		320A43DC2276FDB1005131E7 /* CCabConstants.swift in Sources */ = {isa = PBXBuildFile; fileRef = 320A43DB2276FDB1005131E7 /* CCabConstants.swift */; };
		320A43DE2277132D005131E7 /* GoogleService-Info.plist in Resources */ = {isa = PBXBuildFile; fileRef = 320A43DD2277132D005131E7 /* GoogleService-Info.plist */; };
		320A43E022773434005131E7 /* CCabLambaInvokManager.swift in Sources */ = {isa = PBXBuildFile; fileRef = 320A43DF22773433005131E7 /* CCabLambaInvokManager.swift */; };
		6EA89FE6B87B7A63E67F9781 /* Pods_FireStoreTestApp.framework in Frameworks */ = {isa = PBXBuildFile; fileRef = 216D7122505E2D011B3E9664 /* Pods_FireStoreTestApp.framework */; };
/* End PBXBuildFile section */

/* Begin PBXContainerItemProxy section */
		320A439D227194AF005131E7 /* PBXContainerItemProxy */ = {
			isa = PBXContainerItemProxy;
			containerPortal = 320A437D227194AD005131E7 /* Project object */;
			proxyType = 1;
			remoteGlobalIDString = 320A4384227194AD005131E7;
			remoteInfo = FireStoreTestApp;
		};
		320A43A8227194AF005131E7 /* PBXContainerItemProxy */ = {
			isa = PBXContainerItemProxy;
			containerPortal = 320A437D227194AD005131E7 /* Project object */;
			proxyType = 1;
			remoteGlobalIDString = 320A4384227194AD005131E7;
			remoteInfo = FireStoreTestApp;
		};
/* End PBXContainerItemProxy section */

/* Begin PBXFileReference section */
		216D7122505E2D011B3E9664 /* Pods_FireStoreTestApp.framework */ = {isa = PBXFileReference; explicitFileType = wrapper.framework; includeInIndex = 0; path = Pods_FireStoreTestApp.framework; sourceTree = BUILT_PRODUCTS_DIR; };
		320A4385227194AD005131E7 /* FireStoreTestApp.app */ = {isa = PBXFileReference; explicitFileType = wrapper.application; includeInIndex = 0; path = FireStoreTestApp.app; sourceTree = BUILT_PRODUCTS_DIR; };
		320A4388227194AD005131E7 /* AppDelegate.swift */ = {isa = PBXFileReference; lastKnownFileType = sourcecode.swift; path = AppDelegate.swift; sourceTree = "<group>"; };
		320A438A227194AD005131E7 /* ViewController.swift */ = {isa = PBXFileReference; lastKnownFileType = sourcecode.swift; path = ViewController.swift; sourceTree = "<group>"; };
		320A438D227194AD005131E7 /* Base */ = {isa = PBXFileReference; lastKnownFileType = file.storyboard; name = Base; path = Base.lproj/Main.storyboard; sourceTree = "<group>"; };
		320A4390227194AD005131E7 /* FireStoreTestApp.xcdatamodel */ = {isa = PBXFileReference; lastKnownFileType = wrapper.xcdatamodel; path = FireStoreTestApp.xcdatamodel; sourceTree = "<group>"; };
		320A4392227194AF005131E7 /* Assets.xcassets */ = {isa = PBXFileReference; lastKnownFileType = folder.assetcatalog; path = Assets.xcassets; sourceTree = "<group>"; };
		320A4395227194AF005131E7 /* Base */ = {isa = PBXFileReference; lastKnownFileType = file.storyboard; name = Base; path = Base.lproj/LaunchScreen.storyboard; sourceTree = "<group>"; };
		320A4397227194AF005131E7 /* Info.plist */ = {isa = PBXFileReference; lastKnownFileType = text.plist.xml; path = Info.plist; sourceTree = "<group>"; };
		320A439C227194AF005131E7 /* FireStoreTestAppTests.xctest */ = {isa = PBXFileReference; explicitFileType = wrapper.cfbundle; includeInIndex = 0; path = FireStoreTestAppTests.xctest; sourceTree = BUILT_PRODUCTS_DIR; };
		320A43A0227194AF005131E7 /* FireStoreTestAppTests.swift */ = {isa = PBXFileReference; lastKnownFileType = sourcecode.swift; path = FireStoreTestAppTests.swift; sourceTree = "<group>"; };
		320A43A2227194AF005131E7 /* Info.plist */ = {isa = PBXFileReference; lastKnownFileType = text.plist.xml; path = Info.plist; sourceTree = "<group>"; };
		320A43A7227194AF005131E7 /* FireStoreTestAppUITests.xctest */ = {isa = PBXFileReference; explicitFileType = wrapper.cfbundle; includeInIndex = 0; path = FireStoreTestAppUITests.xctest; sourceTree = BUILT_PRODUCTS_DIR; };
		320A43AB227194AF005131E7 /* FireStoreTestAppUITests.swift */ = {isa = PBXFileReference; lastKnownFileType = sourcecode.swift; path = FireStoreTestAppUITests.swift; sourceTree = "<group>"; };
		320A43AD227194AF005131E7 /* Info.plist */ = {isa = PBXFileReference; lastKnownFileType = text.plist.xml; path = Info.plist; sourceTree = "<group>"; };
		320A43BB2271B6F8005131E7 /* CCabRelayRequestViewController.swift */ = {isa = PBXFileReference; fileEncoding = 4; lastKnownFileType = sourcecode.swift; path = CCabRelayRequestViewController.swift; sourceTree = "<group>"; };
		320A43BD2271B8E9005131E7 /* CCabCancelRequestViewController.swift */ = {isa = PBXFileReference; fileEncoding = 4; lastKnownFileType = sourcecode.swift; path = CCabCancelRequestViewController.swift; sourceTree = "<group>"; };
		320A43BE2271B8E9005131E7 /* Podfile */ = {isa = PBXFileReference; fileEncoding = 4; lastKnownFileType = text; path = Podfile; sourceTree = "<group>"; };
		320A43BF2271B8EA005131E7 /* CCabRetryRequestViewController.swift */ = {isa = PBXFileReference; fileEncoding = 4; lastKnownFileType = sourcecode.swift; path = CCabRetryRequestViewController.swift; sourceTree = "<group>"; };
		320A43C32271BAC8005131E7 /* CCabListLoader.swift */ = {isa = PBXFileReference; fileEncoding = 4; lastKnownFileType = sourcecode.swift; path = CCabListLoader.swift; sourceTree = "<group>"; };
		320A43C72271D8F3005131E7 /* OnRideViewController.swift */ = {isa = PBXFileReference; lastKnownFileType = sourcecode.swift; path = OnRideViewController.swift; sourceTree = "<group>"; };
		320A43C92272E6BF005131E7 /* CityCabAPI.swift */ = {isa = PBXFileReference; fileEncoding = 4; lastKnownFileType = sourcecode.swift; path = CityCabAPI.swift; sourceTree = "<group>"; };
		320A43CB2272EB21005131E7 /* NetworkErrorHandler.swift */ = {isa = PBXFileReference; fileEncoding = 4; lastKnownFileType = sourcecode.swift; path = NetworkErrorHandler.swift; sourceTree = "<group>"; };
		320A43CC2272EB22005131E7 /* ErrorResponse.swift */ = {isa = PBXFileReference; fileEncoding = 4; lastKnownFileType = sourcecode.swift; path = ErrorResponse.swift; sourceTree = "<group>"; };
		320A43CF2272EB87005131E7 /* RideResponseCode.swift */ = {isa = PBXFileReference; lastKnownFileType = sourcecode.swift; path = RideResponseCode.swift; sourceTree = "<group>"; };
		320A43D12272EC6B005131E7 /* LocalizationHelper.swift */ = {isa = PBXFileReference; fileEncoding = 4; lastKnownFileType = sourcecode.swift; path = LocalizationHelper.swift; sourceTree = "<group>"; };
		320A43D32272FFB0005131E7 /* Utility.swift */ = {isa = PBXFileReference; fileEncoding = 4; lastKnownFileType = sourcecode.swift; path = Utility.swift; sourceTree = "<group>"; };
		320A43D5227301CC005131E7 /* CCabUtilities.swift */ = {isa = PBXFileReference; fileEncoding = 4; lastKnownFileType = sourcecode.swift; path = CCabUtilities.swift; sourceTree = "<group>"; };
		320A43D92276DC1F005131E7 /* CCabBaseViewController.swift */ = {isa = PBXFileReference; lastKnownFileType = sourcecode.swift; path = CCabBaseViewController.swift; sourceTree = "<group>"; };
		320A43DB2276FDB1005131E7 /* CCabConstants.swift */ = {isa = PBXFileReference; fileEncoding = 4; lastKnownFileType = sourcecode.swift; path = CCabConstants.swift; sourceTree = "<group>"; };
		320A43DD2277132D005131E7 /* GoogleService-Info.plist */ = {isa = PBXFileReference; fileEncoding = 4; lastKnownFileType = text.plist.xml; path = "GoogleService-Info.plist"; sourceTree = "<group>"; };
		320A43DF22773433005131E7 /* CCabLambaInvokManager.swift */ = {isa = PBXFileReference; fileEncoding = 4; lastKnownFileType = sourcecode.swift; path = CCabLambaInvokManager.swift; sourceTree = "<group>"; };
		524580FE4AE33C661B8ADDE8 /* Pods_FireStoreTestAppTests.framework */ = {isa = PBXFileReference; explicitFileType = wrapper.framework; includeInIndex = 0; path = Pods_FireStoreTestAppTests.framework; sourceTree = BUILT_PRODUCTS_DIR; };
		723C41849F636EC35BCA1908 /* Pods-FireStoreTestApp.release.xcconfig */ = {isa = PBXFileReference; includeInIndex = 1; lastKnownFileType = text.xcconfig; name = "Pods-FireStoreTestApp.release.xcconfig"; path = "Target Support Files/Pods-FireStoreTestApp/Pods-FireStoreTestApp.release.xcconfig"; sourceTree = "<group>"; };
		D333E232E8EC232C7DA6101A /* Pods-FireStoreTestApp.debug.xcconfig */ = {isa = PBXFileReference; includeInIndex = 1; lastKnownFileType = text.xcconfig; name = "Pods-FireStoreTestApp.debug.xcconfig"; path = "Target Support Files/Pods-FireStoreTestApp/Pods-FireStoreTestApp.debug.xcconfig"; sourceTree = "<group>"; };
		DCDEC97D0F610FF2B3E35352 /* Pods_FireStoreTestAppUITests.framework */ = {isa = PBXFileReference; explicitFileType = wrapper.framework; includeInIndex = 0; path = Pods_FireStoreTestAppUITests.framework; sourceTree = BUILT_PRODUCTS_DIR; };
/* End PBXFileReference section */

/* Begin PBXFrameworksBuildPhase section */
		320A4382227194AD005131E7 /* Frameworks */ = {
			isa = PBXFrameworksBuildPhase;
			buildActionMask = 2147483647;
			files = (
				6EA89FE6B87B7A63E67F9781 /* Pods_FireStoreTestApp.framework in Frameworks */,
			);
			runOnlyForDeploymentPostprocessing = 0;
		};
		320A4399227194AF005131E7 /* Frameworks */ = {
			isa = PBXFrameworksBuildPhase;
			buildActionMask = 2147483647;
			files = (
			);
			runOnlyForDeploymentPostprocessing = 0;
		};
		320A43A4227194AF005131E7 /* Frameworks */ = {
			isa = PBXFrameworksBuildPhase;
			buildActionMask = 2147483647;
			files = (
			);
			runOnlyForDeploymentPostprocessing = 0;
		};
/* End PBXFrameworksBuildPhase section */

/* Begin PBXGroup section */
		320A437C227194AD005131E7 = {
			isa = PBXGroup;
			children = (
				320A4387227194AD005131E7 /* FireStoreTestApp */,
				320A439F227194AF005131E7 /* FireStoreTestAppTests */,
				320A43AA227194AF005131E7 /* FireStoreTestAppUITests */,
				320A4386227194AD005131E7 /* Products */,
				BF80AE3FC6EE2A46F670A69B /* Pods */,
				AB976472B632DCA3166BCE79 /* Frameworks */,
			);
			sourceTree = "<group>";
		};
		320A4386227194AD005131E7 /* Products */ = {
			isa = PBXGroup;
			children = (
				320A4385227194AD005131E7 /* FireStoreTestApp.app */,
				320A439C227194AF005131E7 /* FireStoreTestAppTests.xctest */,
				320A43A7227194AF005131E7 /* FireStoreTestAppUITests.xctest */,
			);
			name = Products;
			sourceTree = "<group>";
		};
		320A4387227194AD005131E7 /* FireStoreTestApp */ = {
			isa = PBXGroup;
			children = (
				320A43C92272E6BF005131E7 /* CityCabAPI.swift */,
				320A43CF2272EB87005131E7 /* RideResponseCode.swift */,
				320A43D12272EC6B005131E7 /* LocalizationHelper.swift */,
				320A43DD2277132D005131E7 /* GoogleService-Info.plist */,
				320A43D5227301CC005131E7 /* CCabUtilities.swift */,
				320A43D32272FFB0005131E7 /* Utility.swift */,
				320A43CC2272EB22005131E7 /* ErrorResponse.swift */,
				320A43CB2272EB21005131E7 /* NetworkErrorHandler.swift */,
				320A4388227194AD005131E7 /* AppDelegate.swift */,
				320A43DB2276FDB1005131E7 /* CCabConstants.swift */,
				320A43C32271BAC8005131E7 /* CCabListLoader.swift */,
				320A43DF22773433005131E7 /* CCabLambaInvokManager.swift */,
				320A43BD2271B8E9005131E7 /* CCabCancelRequestViewController.swift */,
				320A43BF2271B8EA005131E7 /* CCabRetryRequestViewController.swift */,
				320A43BB2271B6F8005131E7 /* CCabRelayRequestViewController.swift */,
				320A43D92276DC1F005131E7 /* CCabBaseViewController.swift */,
				320A43BE2271B8E9005131E7 /* Podfile */,
				320A438A227194AD005131E7 /* ViewController.swift */,
				320A43C72271D8F3005131E7 /* OnRideViewController.swift */,
				320A438C227194AD005131E7 /* Main.storyboard */,
				320A4392227194AF005131E7 /* Assets.xcassets */,
				320A4394227194AF005131E7 /* LaunchScreen.storyboard */,
				320A4397227194AF005131E7 /* Info.plist */,
				320A438F227194AD005131E7 /* FireStoreTestApp.xcdatamodeld */,
			);
			path = FireStoreTestApp;
			sourceTree = "<group>";
		};
		320A439F227194AF005131E7 /* FireStoreTestAppTests */ = {
			isa = PBXGroup;
			children = (
				320A43A0227194AF005131E7 /* FireStoreTestAppTests.swift */,
				320A43A2227194AF005131E7 /* Info.plist */,
			);
			path = FireStoreTestAppTests;
			sourceTree = "<group>";
		};
		320A43AA227194AF005131E7 /* FireStoreTestAppUITests */ = {
			isa = PBXGroup;
			children = (
				320A43AB227194AF005131E7 /* FireStoreTestAppUITests.swift */,
				320A43AD227194AF005131E7 /* Info.plist */,
			);
			path = FireStoreTestAppUITests;
			sourceTree = "<group>";
		};
		AB976472B632DCA3166BCE79 /* Frameworks */ = {
			isa = PBXGroup;
			children = (
				216D7122505E2D011B3E9664 /* Pods_FireStoreTestApp.framework */,
				524580FE4AE33C661B8ADDE8 /* Pods_FireStoreTestAppTests.framework */,
				DCDEC97D0F610FF2B3E35352 /* Pods_FireStoreTestAppUITests.framework */,
			);
			name = Frameworks;
			sourceTree = "<group>";
		};
		BF80AE3FC6EE2A46F670A69B /* Pods */ = {
			isa = PBXGroup;
			children = (
				D333E232E8EC232C7DA6101A /* Pods-FireStoreTestApp.debug.xcconfig */,
				723C41849F636EC35BCA1908 /* Pods-FireStoreTestApp.release.xcconfig */,
			);
			path = Pods;
			sourceTree = "<group>";
		};
/* End PBXGroup section */

/* Begin PBXNativeTarget section */
		320A4384227194AD005131E7 /* FireStoreTestApp */ = {
			isa = PBXNativeTarget;
			buildConfigurationList = 320A43B0227194AF005131E7 /* Build configuration list for PBXNativeTarget "FireStoreTestApp" */;
			buildPhases = (
				ED49BF51A306DFA5C13F4AF1 /* [CP] Check Pods Manifest.lock */,
				320A4381227194AD005131E7 /* Sources */,
				320A4382227194AD005131E7 /* Frameworks */,
				320A4383227194AD005131E7 /* Resources */,
				DE30D1F7F1F3272CA10AB1B5 /* [CP] Embed Pods Frameworks */,
				2EF9FB04D78D0B4E63A0D3A0 /* [CP] Copy Pods Resources */,
			);
			buildRules = (
			);
			dependencies = (
			);
			name = FireStoreTestApp;
			productName = FireStoreTestApp;
			productReference = 320A4385227194AD005131E7 /* FireStoreTestApp.app */;
			productType = "com.apple.product-type.application";
		};
		320A439B227194AF005131E7 /* FireStoreTestAppTests */ = {
			isa = PBXNativeTarget;
			buildConfigurationList = 320A43B3227194AF005131E7 /* Build configuration list for PBXNativeTarget "FireStoreTestAppTests" */;
			buildPhases = (
				320A4398227194AF005131E7 /* Sources */,
				320A4399227194AF005131E7 /* Frameworks */,
				320A439A227194AF005131E7 /* Resources */,
			);
			buildRules = (
			);
			dependencies = (
				320A439E227194AF005131E7 /* PBXTargetDependency */,
			);
			name = FireStoreTestAppTests;
			productName = FireStoreTestAppTests;
			productReference = 320A439C227194AF005131E7 /* FireStoreTestAppTests.xctest */;
			productType = "com.apple.product-type.bundle.unit-test";
		};
		320A43A6227194AF005131E7 /* FireStoreTestAppUITests */ = {
			isa = PBXNativeTarget;
			buildConfigurationList = 320A43B6227194AF005131E7 /* Build configuration list for PBXNativeTarget "FireStoreTestAppUITests" */;
			buildPhases = (
				320A43A3227194AF005131E7 /* Sources */,
				320A43A4227194AF005131E7 /* Frameworks */,
				320A43A5227194AF005131E7 /* Resources */,
			);
			buildRules = (
			);
			dependencies = (
				320A43A9227194AF005131E7 /* PBXTargetDependency */,
			);
			name = FireStoreTestAppUITests;
			productName = FireStoreTestAppUITests;
			productReference = 320A43A7227194AF005131E7 /* FireStoreTestAppUITests.xctest */;
			productType = "com.apple.product-type.bundle.ui-testing";
		};
/* End PBXNativeTarget section */

/* Begin PBXProject section */
		320A437D227194AD005131E7 /* Project object */ = {
			isa = PBXProject;
			attributes = {
				LastSwiftUpdateCheck = 1010;
				LastUpgradeCheck = 1010;
				ORGANIZATIONNAME = "Rohit Kr";
				TargetAttributes = {
					320A4384227194AD005131E7 = {
						CreatedOnToolsVersion = 10.1;
					};
					320A439B227194AF005131E7 = {
						CreatedOnToolsVersion = 10.1;
						TestTargetID = 320A4384227194AD005131E7;
					};
					320A43A6227194AF005131E7 = {
						CreatedOnToolsVersion = 10.1;
						TestTargetID = 320A4384227194AD005131E7;
					};
				};
			};
			buildConfigurationList = 320A4380227194AD005131E7 /* Build configuration list for PBXProject "FireStoreTestApp" */;
			compatibilityVersion = "Xcode 9.3";
			developmentRegion = en;
			hasScannedForEncodings = 0;
			knownRegions = (
				en,
				Base,
			);
			mainGroup = 320A437C227194AD005131E7;
			productRefGroup = 320A4386227194AD005131E7 /* Products */;
			projectDirPath = "";
			projectRoot = "";
			targets = (
				320A4384227194AD005131E7 /* FireStoreTestApp */,
				320A439B227194AF005131E7 /* FireStoreTestAppTests */,
				320A43A6227194AF005131E7 /* FireStoreTestAppUITests */,
			);
		};
/* End PBXProject section */

/* Begin PBXResourcesBuildPhase section */
		320A4383227194AD005131E7 /* Resources */ = {
			isa = PBXResourcesBuildPhase;
			buildActionMask = 2147483647;
			files = (
				320A43C12271B8EA005131E7 /* Podfile in Resources */,
				320A4396227194AF005131E7 /* LaunchScreen.storyboard in Resources */,
				320A4393227194AF005131E7 /* Assets.xcassets in Resources */,
				320A438E227194AD005131E7 /* Main.storyboard in Resources */,
				320A43DE2277132D005131E7 /* GoogleService-Info.plist in Resources */,
			);
			runOnlyForDeploymentPostprocessing = 0;
		};
		320A439A227194AF005131E7 /* Resources */ = {
			isa = PBXResourcesBuildPhase;
			buildActionMask = 2147483647;
			files = (
			);
			runOnlyForDeploymentPostprocessing = 0;
		};
		320A43A5227194AF005131E7 /* Resources */ = {
			isa = PBXResourcesBuildPhase;
			buildActionMask = 2147483647;
			files = (
			);
			runOnlyForDeploymentPostprocessing = 0;
		};
/* End PBXResourcesBuildPhase section */

/* Begin PBXShellScriptBuildPhase section */
		2EF9FB04D78D0B4E63A0D3A0 /* [CP] Copy Pods Resources */ = {
			isa = PBXShellScriptBuildPhase;
			buildActionMask = 2147483647;
			files = (
			);
			inputFileListPaths = (
			);
			inputPaths = (
				"${PODS_ROOT}/Target Support Files/Pods-FireStoreTestApp/Pods-FireStoreTestApp-resources.sh",
				"${PODS_ROOT}/GoogleMaps/Maps/Frameworks/GoogleMaps.framework/Resources/GoogleMaps.bundle",
				"${PODS_ROOT}/GooglePlaces/Frameworks/GooglePlaces.framework/Resources/GooglePlaces.bundle",
			);
			name = "[CP] Copy Pods Resources";
			outputFileListPaths = (
			);
			outputPaths = (
				"${TARGET_BUILD_DIR}/${UNLOCALIZED_RESOURCES_FOLDER_PATH}/GoogleMaps.bundle",
				"${TARGET_BUILD_DIR}/${UNLOCALIZED_RESOURCES_FOLDER_PATH}/GooglePlaces.bundle",
			);
			runOnlyForDeploymentPostprocessing = 0;
			shellPath = /bin/sh;
			shellScript = "\"${PODS_ROOT}/Target Support Files/Pods-FireStoreTestApp/Pods-FireStoreTestApp-resources.sh\"\n";
			showEnvVarsInLog = 0;
		};
		DE30D1F7F1F3272CA10AB1B5 /* [CP] Embed Pods Frameworks */ = {
			isa = PBXShellScriptBuildPhase;
			buildActionMask = 2147483647;
			files = (
			);
			inputFileListPaths = (
			);
			inputPaths = (
				"${PODS_ROOT}/Target Support Files/Pods-FireStoreTestApp/Pods-FireStoreTestApp-frameworks.sh",
				"${BUILT_PRODUCTS_DIR}/AWSAppSync/AWSAppSync.framework",
				"${BUILT_PRODUCTS_DIR}/AWSCognito/AWSCognito.framework",
				"${BUILT_PRODUCTS_DIR}/AWSCognitoIdentityProvider/AWSCognitoIdentityProvider.framework",
				"${BUILT_PRODUCTS_DIR}/AWSCognitoIdentityProviderASF/AWSCognitoIdentityProviderASF.framework",
				"${BUILT_PRODUCTS_DIR}/AWSCore/AWSCore.framework",
				"${BUILT_PRODUCTS_DIR}/AWSLambda/AWSLambda.framework",
				"${BUILT_PRODUCTS_DIR}/Alamofire/Alamofire.framework",
				"${BUILT_PRODUCTS_DIR}/AlamofireNetworkActivityLogger/AlamofireNetworkActivityLogger.framework",
				"${BUILT_PRODUCTS_DIR}/AlamofireObjectMapper/AlamofireObjectMapper.framework",
				"${BUILT_PRODUCTS_DIR}/BoringSSL-GRPC/openssl_grpc.framework",
				"${BUILT_PRODUCTS_DIR}/GoogleUtilities/GoogleUtilities.framework",
				"${BUILT_PRODUCTS_DIR}/ObjectMapper/ObjectMapper.framework",
				"${BUILT_PRODUCTS_DIR}/Protobuf/Protobuf.framework",
				"${BUILT_PRODUCTS_DIR}/Pulsator/Pulsator.framework",
				"${BUILT_PRODUCTS_DIR}/ReachabilitySwift/Reachability.framework",
				"${BUILT_PRODUCTS_DIR}/SQLite.swift/SQLite.framework",
				"${BUILT_PRODUCTS_DIR}/gRPC-C++/grpcpp.framework",
				"${BUILT_PRODUCTS_DIR}/gRPC-Core/grpc.framework",
				"${BUILT_PRODUCTS_DIR}/leveldb-library/leveldb.framework",
				"${BUILT_PRODUCTS_DIR}/nanopb/nanopb.framework",
			);
			name = "[CP] Embed Pods Frameworks";
			outputFileListPaths = (
			);
			outputPaths = (
				"${TARGET_BUILD_DIR}/${FRAMEWORKS_FOLDER_PATH}/AWSAppSync.framework",
				"${TARGET_BUILD_DIR}/${FRAMEWORKS_FOLDER_PATH}/AWSCognito.framework",
				"${TARGET_BUILD_DIR}/${FRAMEWORKS_FOLDER_PATH}/AWSCognitoIdentityProvider.framework",
				"${TARGET_BUILD_DIR}/${FRAMEWORKS_FOLDER_PATH}/AWSCognitoIdentityProviderASF.framework",
				"${TARGET_BUILD_DIR}/${FRAMEWORKS_FOLDER_PATH}/AWSCore.framework",
				"${TARGET_BUILD_DIR}/${FRAMEWORKS_FOLDER_PATH}/AWSLambda.framework",
				"${TARGET_BUILD_DIR}/${FRAMEWORKS_FOLDER_PATH}/Alamofire.framework",
				"${TARGET_BUILD_DIR}/${FRAMEWORKS_FOLDER_PATH}/AlamofireNetworkActivityLogger.framework",
				"${TARGET_BUILD_DIR}/${FRAMEWORKS_FOLDER_PATH}/AlamofireObjectMapper.framework",
				"${TARGET_BUILD_DIR}/${FRAMEWORKS_FOLDER_PATH}/openssl_grpc.framework",
				"${TARGET_BUILD_DIR}/${FRAMEWORKS_FOLDER_PATH}/GoogleUtilities.framework",
				"${TARGET_BUILD_DIR}/${FRAMEWORKS_FOLDER_PATH}/ObjectMapper.framework",
				"${TARGET_BUILD_DIR}/${FRAMEWORKS_FOLDER_PATH}/Protobuf.framework",
				"${TARGET_BUILD_DIR}/${FRAMEWORKS_FOLDER_PATH}/Pulsator.framework",
				"${TARGET_BUILD_DIR}/${FRAMEWORKS_FOLDER_PATH}/Reachability.framework",
				"${TARGET_BUILD_DIR}/${FRAMEWORKS_FOLDER_PATH}/SQLite.framework",
				"${TARGET_BUILD_DIR}/${FRAMEWORKS_FOLDER_PATH}/grpcpp.framework",
				"${TARGET_BUILD_DIR}/${FRAMEWORKS_FOLDER_PATH}/grpc.framework",
				"${TARGET_BUILD_DIR}/${FRAMEWORKS_FOLDER_PATH}/leveldb.framework",
				"${TARGET_BUILD_DIR}/${FRAMEWORKS_FOLDER_PATH}/nanopb.framework",
			);
			runOnlyForDeploymentPostprocessing = 0;
			shellPath = /bin/sh;
			shellScript = "\"${PODS_ROOT}/Target Support Files/Pods-FireStoreTestApp/Pods-FireStoreTestApp-frameworks.sh\"\n";
			showEnvVarsInLog = 0;
		};
		ED49BF51A306DFA5C13F4AF1 /* [CP] Check Pods Manifest.lock */ = {
			isa = PBXShellScriptBuildPhase;
			buildActionMask = 2147483647;
			files = (
			);
			inputFileListPaths = (
			);
			inputPaths = (
				"${PODS_PODFILE_DIR_PATH}/Podfile.lock",
				"${PODS_ROOT}/Manifest.lock",
			);
			name = "[CP] Check Pods Manifest.lock";
			outputFileListPaths = (
			);
			outputPaths = (
				"$(DERIVED_FILE_DIR)/Pods-FireStoreTestApp-checkManifestLockResult.txt",
			);
			runOnlyForDeploymentPostprocessing = 0;
			shellPath = /bin/sh;
			shellScript = "diff \"${PODS_PODFILE_DIR_PATH}/Podfile.lock\" \"${PODS_ROOT}/Manifest.lock\" > /dev/null\nif [ $? != 0 ] ; then\n    # print error to STDERR\n    echo \"error: The sandbox is not in sync with the Podfile.lock. Run 'pod install' or update your CocoaPods installation.\" >&2\n    exit 1\nfi\n# This output is used by Xcode 'outputs' to avoid re-running this script phase.\necho \"SUCCESS\" > \"${SCRIPT_OUTPUT_FILE_0}\"\n";
			showEnvVarsInLog = 0;
		};
/* End PBXShellScriptBuildPhase section */

/* Begin PBXSourcesBuildPhase section */
		320A4381227194AD005131E7 /* Sources */ = {
			isa = PBXSourcesBuildPhase;
			buildActionMask = 2147483647;
			files = (
				320A43D42272FFB0005131E7 /* Utility.swift in Sources */,
				320A43D6227301CC005131E7 /* CCabUtilities.swift in Sources */,
				320A43D22272EC6B005131E7 /* LocalizationHelper.swift in Sources */,
				320A43DC2276FDB1005131E7 /* CCabConstants.swift in Sources */,
				320A43CD2272EB22005131E7 /* NetworkErrorHandler.swift in Sources */,
				320A438B227194AD005131E7 /* ViewController.swift in Sources */,
				320A43C42271BAC8005131E7 /* CCabListLoader.swift in Sources */,
				320A43BC2271B6F8005131E7 /* CCabRelayRequestViewController.swift in Sources */,
				320A43C22271B8EA005131E7 /* CCabRetryRequestViewController.swift in Sources */,
				320A43C02271B8EA005131E7 /* CCabCancelRequestViewController.swift in Sources */,
				320A43E022773434005131E7 /* CCabLambaInvokManager.swift in Sources */,
				320A43C82271D8F3005131E7 /* OnRideViewController.swift in Sources */,
				320A43DA2276DC1F005131E7 /* CCabBaseViewController.swift in Sources */,
				320A4389227194AD005131E7 /* AppDelegate.swift in Sources */,
				320A43CE2272EB22005131E7 /* ErrorResponse.swift in Sources */,
				320A4391227194AD005131E7 /* FireStoreTestApp.xcdatamodeld in Sources */,
				320A43CA2272E6BF005131E7 /* CityCabAPI.swift in Sources */,
				320A43D02272EB87005131E7 /* RideResponseCode.swift in Sources */,
			);
			runOnlyForDeploymentPostprocessing = 0;
		};
		320A4398227194AF005131E7 /* Sources */ = {
			isa = PBXSourcesBuildPhase;
			buildActionMask = 2147483647;
			files = (
				320A43A1227194AF005131E7 /* FireStoreTestAppTests.swift in Sources */,
			);
			runOnlyForDeploymentPostprocessing = 0;
		};
		320A43A3227194AF005131E7 /* Sources */ = {
			isa = PBXSourcesBuildPhase;
			buildActionMask = 2147483647;
			files = (
				320A43AC227194AF005131E7 /* FireStoreTestAppUITests.swift in Sources */,
			);
			runOnlyForDeploymentPostprocessing = 0;
		};
/* End PBXSourcesBuildPhase section */

/* Begin PBXTargetDependency section */
		320A439E227194AF005131E7 /* PBXTargetDependency */ = {
			isa = PBXTargetDependency;
			target = 320A4384227194AD005131E7 /* FireStoreTestApp */;
			targetProxy = 320A439D227194AF005131E7 /* PBXContainerItemProxy */;
		};
		320A43A9227194AF005131E7 /* PBXTargetDependency */ = {
			isa = PBXTargetDependency;
			target = 320A4384227194AD005131E7 /* FireStoreTestApp */;
			targetProxy = 320A43A8227194AF005131E7 /* PBXContainerItemProxy */;
		};
/* End PBXTargetDependency section */

/* Begin PBXVariantGroup section */
		320A438C227194AD005131E7 /* Main.storyboard */ = {
			isa = PBXVariantGroup;
			children = (
				320A438D227194AD005131E7 /* Base */,
			);
			name = Main.storyboard;
			sourceTree = "<group>";
		};
		320A4394227194AF005131E7 /* LaunchScreen.storyboard */ = {
			isa = PBXVariantGroup;
			children = (
				320A4395227194AF005131E7 /* Base */,
			);
			name = LaunchScreen.storyboard;
			sourceTree = "<group>";
		};
/* End PBXVariantGroup section */

/* Begin XCBuildConfiguration section */
		320A43AE227194AF005131E7 /* Debug */ = {
			isa = XCBuildConfiguration;
			buildSettings = {
				ALWAYS_SEARCH_USER_PATHS = NO;
				CLANG_ANALYZER_NONNULL = YES;
				CLANG_ANALYZER_NUMBER_OBJECT_CONVERSION = YES_AGGRESSIVE;
				CLANG_CXX_LANGUAGE_STANDARD = "gnu++14";
				CLANG_CXX_LIBRARY = "libc++";
				CLANG_ENABLE_MODULES = YES;
				CLANG_ENABLE_OBJC_ARC = YES;
				CLANG_ENABLE_OBJC_WEAK = YES;
				CLANG_WARN_BLOCK_CAPTURE_AUTORELEASING = YES;
				CLANG_WARN_BOOL_CONVERSION = YES;
				CLANG_WARN_COMMA = YES;
				CLANG_WARN_CONSTANT_CONVERSION = YES;
				CLANG_WARN_DEPRECATED_OBJC_IMPLEMENTATIONS = YES;
				CLANG_WARN_DIRECT_OBJC_ISA_USAGE = YES_ERROR;
				CLANG_WARN_DOCUMENTATION_COMMENTS = YES;
				CLANG_WARN_EMPTY_BODY = YES;
				CLANG_WARN_ENUM_CONVERSION = YES;
				CLANG_WARN_INFINITE_RECURSION = YES;
				CLANG_WARN_INT_CONVERSION = YES;
				CLANG_WARN_NON_LITERAL_NULL_CONVERSION = YES;
				CLANG_WARN_OBJC_IMPLICIT_RETAIN_SELF = YES;
				CLANG_WARN_OBJC_LITERAL_CONVERSION = YES;
				CLANG_WARN_OBJC_ROOT_CLASS = YES_ERROR;
				CLANG_WARN_RANGE_LOOP_ANALYSIS = YES;
				CLANG_WARN_STRICT_PROTOTYPES = YES;
				CLANG_WARN_SUSPICIOUS_MOVE = YES;
				CLANG_WARN_UNGUARDED_AVAILABILITY = YES_AGGRESSIVE;
				CLANG_WARN_UNREACHABLE_CODE = YES;
				CLANG_WARN__DUPLICATE_METHOD_MATCH = YES;
				CODE_SIGN_IDENTITY = "iPhone Developer";
				COPY_PHASE_STRIP = NO;
				DEBUG_INFORMATION_FORMAT = dwarf;
				ENABLE_STRICT_OBJC_MSGSEND = YES;
				ENABLE_TESTABILITY = YES;
				GCC_C_LANGUAGE_STANDARD = gnu11;
				GCC_DYNAMIC_NO_PIC = NO;
				GCC_NO_COMMON_BLOCKS = YES;
				GCC_OPTIMIZATION_LEVEL = 0;
				GCC_PREPROCESSOR_DEFINITIONS = (
					"DEBUG=1",
					"$(inherited)",
				);
				GCC_WARN_64_TO_32_BIT_CONVERSION = YES;
				GCC_WARN_ABOUT_RETURN_TYPE = YES_ERROR;
				GCC_WARN_UNDECLARED_SELECTOR = YES;
				GCC_WARN_UNINITIALIZED_AUTOS = YES_AGGRESSIVE;
				GCC_WARN_UNUSED_FUNCTION = YES;
				GCC_WARN_UNUSED_VARIABLE = YES;
				IPHONEOS_DEPLOYMENT_TARGET = 12.1;
				MTL_ENABLE_DEBUG_INFO = INCLUDE_SOURCE;
				MTL_FAST_MATH = YES;
				ONLY_ACTIVE_ARCH = YES;
				SDKROOT = iphoneos;
				SWIFT_ACTIVE_COMPILATION_CONDITIONS = DEBUG;
				SWIFT_OPTIMIZATION_LEVEL = "-Onone";
				SWIFT_VERSION = 4.2;
			};
			name = Debug;
		};
		320A43AF227194AF005131E7 /* Release */ = {
			isa = XCBuildConfiguration;
			buildSettings = {
				ALWAYS_SEARCH_USER_PATHS = NO;
				CLANG_ANALYZER_NONNULL = YES;
				CLANG_ANALYZER_NUMBER_OBJECT_CONVERSION = YES_AGGRESSIVE;
				CLANG_CXX_LANGUAGE_STANDARD = "gnu++14";
				CLANG_CXX_LIBRARY = "libc++";
				CLANG_ENABLE_MODULES = YES;
				CLANG_ENABLE_OBJC_ARC = YES;
				CLANG_ENABLE_OBJC_WEAK = YES;
				CLANG_WARN_BLOCK_CAPTURE_AUTORELEASING = YES;
				CLANG_WARN_BOOL_CONVERSION = YES;
				CLANG_WARN_COMMA = YES;
				CLANG_WARN_CONSTANT_CONVERSION = YES;
				CLANG_WARN_DEPRECATED_OBJC_IMPLEMENTATIONS = YES;
				CLANG_WARN_DIRECT_OBJC_ISA_USAGE = YES_ERROR;
				CLANG_WARN_DOCUMENTATION_COMMENTS = YES;
				CLANG_WARN_EMPTY_BODY = YES;
				CLANG_WARN_ENUM_CONVERSION = YES;
				CLANG_WARN_INFINITE_RECURSION = YES;
				CLANG_WARN_INT_CONVERSION = YES;
				CLANG_WARN_NON_LITERAL_NULL_CONVERSION = YES;
				CLANG_WARN_OBJC_IMPLICIT_RETAIN_SELF = YES;
				CLANG_WARN_OBJC_LITERAL_CONVERSION = YES;
				CLANG_WARN_OBJC_ROOT_CLASS = YES_ERROR;
				CLANG_WARN_RANGE_LOOP_ANALYSIS = YES;
				CLANG_WARN_STRICT_PROTOTYPES = YES;
				CLANG_WARN_SUSPICIOUS_MOVE = YES;
				CLANG_WARN_UNGUARDED_AVAILABILITY = YES_AGGRESSIVE;
				CLANG_WARN_UNREACHABLE_CODE = YES;
				CLANG_WARN__DUPLICATE_METHOD_MATCH = YES;
				CODE_SIGN_IDENTITY = "iPhone Developer";
				COPY_PHASE_STRIP = NO;
				DEBUG_INFORMATION_FORMAT = "dwarf-with-dsym";
				ENABLE_NS_ASSERTIONS = NO;
				ENABLE_STRICT_OBJC_MSGSEND = YES;
				GCC_C_LANGUAGE_STANDARD = gnu11;
				GCC_NO_COMMON_BLOCKS = YES;
				GCC_WARN_64_TO_32_BIT_CONVERSION = YES;
				GCC_WARN_ABOUT_RETURN_TYPE = YES_ERROR;
				GCC_WARN_UNDECLARED_SELECTOR = YES;
				GCC_WARN_UNINITIALIZED_AUTOS = YES_AGGRESSIVE;
				GCC_WARN_UNUSED_FUNCTION = YES;
				GCC_WARN_UNUSED_VARIABLE = YES;
				IPHONEOS_DEPLOYMENT_TARGET = 12.1;
				MTL_ENABLE_DEBUG_INFO = NO;
				MTL_FAST_MATH = YES;
				SDKROOT = iphoneos;
				SWIFT_COMPILATION_MODE = wholemodule;
				SWIFT_OPTIMIZATION_LEVEL = "-O";
				SWIFT_VERSION = 4.2;
				VALIDATE_PRODUCT = YES;
			};
			name = Release;
		};
		320A43B1227194AF005131E7 /* Debug */ = {
			isa = XCBuildConfiguration;
			baseConfigurationReference = D333E232E8EC232C7DA6101A /* Pods-FireStoreTestApp.debug.xcconfig */;
			buildSettings = {
				ASSETCATALOG_COMPILER_APPICON_NAME = AppIcon;
				CODE_SIGN_IDENTITY = "iPhone Developer";
				CODE_SIGN_STYLE = Automatic;
				DEVELOPMENT_TEAM = JL529LT95A;
				INFOPLIST_FILE = FireStoreTestApp/Info.plist;
				IPHONEOS_DEPLOYMENT_TARGET = 11.0;
				LD_RUNPATH_SEARCH_PATHS = (
					"$(inherited)",
					"@executable_path/Frameworks",
				);
				PRODUCT_BUNDLE_IDENTIFIER = com.firestore.cab;
				PRODUCT_NAME = "$(TARGET_NAME)";
				PROVISIONING_PROFILE_SPECIFIER = "";
				SWIFT_VERSION = 4.2;
				TARGETED_DEVICE_FAMILY = "1,2";
			};
			name = Debug;
		};
		320A43B2227194AF005131E7 /* Release */ = {
			isa = XCBuildConfiguration;
			baseConfigurationReference = 723C41849F636EC35BCA1908 /* Pods-FireStoreTestApp.release.xcconfig */;
			buildSettings = {
				ASSETCATALOG_COMPILER_APPICON_NAME = AppIcon;
				CODE_SIGN_IDENTITY = "iPhone Developer";
				CODE_SIGN_STYLE = Automatic;
				DEVELOPMENT_TEAM = JL529LT95A;
				INFOPLIST_FILE = FireStoreTestApp/Info.plist;
				IPHONEOS_DEPLOYMENT_TARGET = 11.0;
				LD_RUNPATH_SEARCH_PATHS = (
					"$(inherited)",
					"@executable_path/Frameworks",
				);
				PRODUCT_BUNDLE_IDENTIFIER = com.firestore.cab;
				PRODUCT_NAME = "$(TARGET_NAME)";
				PROVISIONING_PROFILE_SPECIFIER = "";
				SWIFT_VERSION = 4.2;
				TARGETED_DEVICE_FAMILY = "1,2";
			};
			name = Release;
		};
		320A43B4227194AF005131E7 /* Debug */ = {
			isa = XCBuildConfiguration;
			buildSettings = {
				ALWAYS_EMBED_SWIFT_STANDARD_LIBRARIES = YES;
				BUNDLE_LOADER = "$(TEST_HOST)";
				CODE_SIGN_STYLE = Automatic;
				DEVELOPMENT_TEAM = 48N23SU8RK;
				INFOPLIST_FILE = FireStoreTestAppTests/Info.plist;
				LD_RUNPATH_SEARCH_PATHS = (
					"$(inherited)",
					"@executable_path/Frameworks",
					"@loader_path/Frameworks",
				);
				PRODUCT_BUNDLE_IDENTIFIER = com.RohitKr.FireStoreTestAppTests;
				PRODUCT_NAME = "$(TARGET_NAME)";
				SWIFT_VERSION = 4.2;
				TARGETED_DEVICE_FAMILY = "1,2";
				TEST_HOST = "$(BUILT_PRODUCTS_DIR)/FireStoreTestApp.app/FireStoreTestApp";
			};
			name = Debug;
		};
		320A43B5227194AF005131E7 /* Release */ = {
			isa = XCBuildConfiguration;
			buildSettings = {
				ALWAYS_EMBED_SWIFT_STANDARD_LIBRARIES = YES;
				BUNDLE_LOADER = "$(TEST_HOST)";
				CODE_SIGN_STYLE = Automatic;
				DEVELOPMENT_TEAM = 48N23SU8RK;
				INFOPLIST_FILE = FireStoreTestAppTests/Info.plist;
				LD_RUNPATH_SEARCH_PATHS = (
					"$(inherited)",
					"@executable_path/Frameworks",
					"@loader_path/Frameworks",
				);
				PRODUCT_BUNDLE_IDENTIFIER = com.RohitKr.FireStoreTestAppTests;
				PRODUCT_NAME = "$(TARGET_NAME)";
				SWIFT_VERSION = 4.2;
				TARGETED_DEVICE_FAMILY = "1,2";
				TEST_HOST = "$(BUILT_PRODUCTS_DIR)/FireStoreTestApp.app/FireStoreTestApp";
			};
			name = Release;
		};
		320A43B7227194AF005131E7 /* Debug */ = {
			isa = XCBuildConfiguration;
			buildSettings = {
				ALWAYS_EMBED_SWIFT_STANDARD_LIBRARIES = YES;
				CODE_SIGN_STYLE = Automatic;
				DEVELOPMENT_TEAM = 48N23SU8RK;
				INFOPLIST_FILE = FireStoreTestAppUITests/Info.plist;
				LD_RUNPATH_SEARCH_PATHS = (
					"$(inherited)",
					"@executable_path/Frameworks",
					"@loader_path/Frameworks",
				);
				PRODUCT_BUNDLE_IDENTIFIER = com.RohitKr.FireStoreTestAppUITests;
				PRODUCT_NAME = "$(TARGET_NAME)";
				SWIFT_VERSION = 4.2;
				TARGETED_DEVICE_FAMILY = "1,2";
				TEST_TARGET_NAME = FireStoreTestApp;
			};
			name = Debug;
		};
		320A43B8227194AF005131E7 /* Release */ = {
			isa = XCBuildConfiguration;
			buildSettings = {
				ALWAYS_EMBED_SWIFT_STANDARD_LIBRARIES = YES;
				CODE_SIGN_STYLE = Automatic;
				DEVELOPMENT_TEAM = 48N23SU8RK;
				INFOPLIST_FILE = FireStoreTestAppUITests/Info.plist;
				LD_RUNPATH_SEARCH_PATHS = (
					"$(inherited)",
					"@executable_path/Frameworks",
					"@loader_path/Frameworks",
				);
				PRODUCT_BUNDLE_IDENTIFIER = com.RohitKr.FireStoreTestAppUITests;
				PRODUCT_NAME = "$(TARGET_NAME)";
				SWIFT_VERSION = 4.2;
				TARGETED_DEVICE_FAMILY = "1,2";
				TEST_TARGET_NAME = FireStoreTestApp;
			};
			name = Release;
		};
/* End XCBuildConfiguration section */

/* Begin XCConfigurationList section */
		320A4380227194AD005131E7 /* Build configuration list for PBXProject "FireStoreTestApp" */ = {
			isa = XCConfigurationList;
			buildConfigurations = (
				320A43AE227194AF005131E7 /* Debug */,
				320A43AF227194AF005131E7 /* Release */,
			);
			defaultConfigurationIsVisible = 0;
			defaultConfigurationName = Release;
		};
		320A43B0227194AF005131E7 /* Build configuration list for PBXNativeTarget "FireStoreTestApp" */ = {
			isa = XCConfigurationList;
			buildConfigurations = (
				320A43B1227194AF005131E7 /* Debug */,
				320A43B2227194AF005131E7 /* Release */,
			);
			defaultConfigurationIsVisible = 0;
			defaultConfigurationName = Release;
		};
		320A43B3227194AF005131E7 /* Build configuration list for PBXNativeTarget "FireStoreTestAppTests" */ = {
			isa = XCConfigurationList;
			buildConfigurations = (
				320A43B4227194AF005131E7 /* Debug */,
				320A43B5227194AF005131E7 /* Release */,
			);
			defaultConfigurationIsVisible = 0;
			defaultConfigurationName = Release;
		};
		320A43B6227194AF005131E7 /* Build configuration list for PBXNativeTarget "FireStoreTestAppUITests" */ = {
			isa = XCConfigurationList;
			buildConfigurations = (
				320A43B7227194AF005131E7 /* Debug */,
				320A43B8227194AF005131E7 /* Release */,
			);
			defaultConfigurationIsVisible = 0;
			defaultConfigurationName = Release;
		};
/* End XCConfigurationList section */

/* Begin XCVersionGroup section */
		320A438F227194AD005131E7 /* FireStoreTestApp.xcdatamodeld */ = {
			isa = XCVersionGroup;
			children = (
				320A4390227194AD005131E7 /* FireStoreTestApp.xcdatamodel */,
			);
			currentVersion = 320A4390227194AD005131E7 /* FireStoreTestApp.xcdatamodel */;
			path = FireStoreTestApp.xcdatamodeld;
			sourceTree = "<group>";
			versionGroupType = wrapper.xcdatamodel;
		};
/* End XCVersionGroup section */
	};
	rootObject = 320A437D227194AD005131E7 /* Project object */;
}
